
Microsoft Visual Studio Solution File, Format Version 12.00
# Visual Studio Version 16
VisualStudioVersion = 16.0.29318.209
MinimumVisualStudioVersion = 10.0.40219.1
Project("{FAE04EC0-301F-11D3-BF4B-00C04F79EFBC}") = "E-Learning Management System", "E-Learning Management System\E-Learning Management System.csproj", "{D6657C90-1401-4705-A2D9-67D3FED711C3}"
EndProject
Global
	GlobalSection(SolutionConfigurationPlatforms) = preSolution
		Debug|Any CPU = Debug|Any CPU
		Release|Any CPU = Release|Any CPU
	EndGlobalSection
	GlobalSection(ProjectConfigurationPlatforms) = postSolution
		{D6657C90-1401-4705-A2D9-67D3FED711C3}.Debug|Any CPU.ActiveCfg = Debug|Any CPU
		{D6657C90-1401-4705-A2D9-67D3FED711C3}.Debug|Any CPU.Build.0 = Debug|Any CPU
		{D6657C90-1401-4705-A2D9-67D3FED711C3}.Release|Any CPU.ActiveCfg = Release|Any CPU
		{D6657C90-1401-4705-A2D9-67D3FED711C3}.Release|Any CPU.Build.0 = Release|Any CPU
	EndGlobalSection
	GlobalSection(SolutionProperties) = preSolution
		HideSolutionNode = FALSE
	EndGlobalSection
	GlobalSection(ExtensibilityGlobals) = postSolution
		SolutionGuid = {7957577B-C4A5-4DC3-ABB7-CD85E038CB01}
	EndGlobalSection
EndGlobal
